
Microsoft Visual Studio Solution File, Format Version 12.00
# Visual Studio Version 16
VisualStudioVersion = 16.0.30114.105
MinimumVisualStudioVersion = 10.0.40219.1
Project("{2150E333-8FDC-42A3-9474-1A3956D46DE8}") = "src", "src", "{3DE19B9F-BFB3-4938-BE41-6CCE97C7D9BC}"
EndProject
Project("{F2A71F9B-5D33-465A-A702-920D77279786}") = "Morespace.Core", "src\Morespace.Core\Morespace.Core.fsproj", "{8E8F7A67-F263-4053-95D5-0E9B8185C264}"
EndProject
Global
	GlobalSection(SolutionConfigurationPlatforms) = preSolution
		Debug|Any CPU = Debug|Any CPU
		Release|Any CPU = Release|Any CPU
	EndGlobalSection
	GlobalSection(SolutionProperties) = preSolution
		HideSolutionNode = FALSE
	EndGlobalSection
	GlobalSection(ProjectConfigurationPlatforms) = postSolution
		{8E8F7A67-F263-4053-95D5-0E9B8185C264}.Debug|Any CPU.ActiveCfg = Debug|Any CPU
		{8E8F7A67-F263-4053-95D5-0E9B8185C264}.Debug|Any CPU.Build.0 = Debug|Any CPU
		{8E8F7A67-F263-4053-95D5-0E9B8185C264}.Release|Any CPU.ActiveCfg = Release|Any CPU
		{8E8F7A67-F263-4053-95D5-0E9B8185C264}.Release|Any CPU.Build.0 = Release|Any CPU
	EndGlobalSection
	GlobalSection(NestedProjects) = preSolution
		{8E8F7A67-F263-4053-95D5-0E9B8185C264} = {3DE19B9F-BFB3-4938-BE41-6CCE97C7D9BC}
	EndGlobalSection
EndGlobal
